
Microsoft Visual Studio Solution File, Format Version 12.00
# Visual Studio Version 16
VisualStudioVersion = 16.6.30114.105
MinimumVisualStudioVersion = 10.0.40219.1
Project("{FAE04EC0-301F-11D3-BF4B-00C04F79EFBC}") = "API", "API\API.csproj", "{4958AFC4-8081-418F-A304-ADC12970AEBF}"
EndProject
Project("{FAE04EC0-301F-11D3-BF4B-00C04F79EFBC}") = "Core", "Core\Core.csproj", "{84314688-EF75-4B0A-9B35-CEB01BF686F9}"
EndProject
Project("{FAE04EC0-301F-11D3-BF4B-00C04F79EFBC}") = "Infrastructure", "Infrastructure\Infrastructure.csproj", "{32E95430-A2C5-4B01-9627-46D5FE1336A3}"
EndProject
Global
	GlobalSection(SolutionConfigurationPlatforms) = preSolution
		Debug|Any CPU = Debug|Any CPU
		Debug|x64 = Debug|x64
		Debug|x86 = Debug|x86
		Release|Any CPU = Release|Any CPU
		Release|x64 = Release|x64
		Release|x86 = Release|x86
	EndGlobalSection
	GlobalSection(SolutionProperties) = preSolution
		HideSolutionNode = FALSE
	EndGlobalSection
	GlobalSection(ProjectConfigurationPlatforms) = postSolution
		{4958AFC4-8081-418F-A304-ADC12970AEBF}.Debug|Any CPU.ActiveCfg = Debug|Any CPU
		{4958AFC4-8081-418F-A304-ADC12970AEBF}.Debug|Any CPU.Build.0 = Debug|Any CPU
		{4958AFC4-8081-418F-A304-ADC12970AEBF}.Debug|x64.ActiveCfg = Debug|Any CPU
		{4958AFC4-8081-418F-A304-ADC12970AEBF}.Debug|x64.Build.0 = Debug|Any CPU
		{4958AFC4-8081-418F-A304-ADC12970AEBF}.Debug|x86.ActiveCfg = Debug|Any CPU
		{4958AFC4-8081-418F-A304-ADC12970AEBF}.Debug|x86.Build.0 = Debug|Any CPU
		{4958AFC4-8081-418F-A304-ADC12970AEBF}.Release|Any CPU.ActiveCfg = Release|Any CPU
		{4958AFC4-8081-418F-A304-ADC12970AEBF}.Release|Any CPU.Build.0 = Release|Any CPU
		{4958AFC4-8081-418F-A304-ADC12970AEBF}.Release|x64.ActiveCfg = Release|Any CPU
		{4958AFC4-8081-418F-A304-ADC12970AEBF}.Release|x64.Build.0 = Release|Any CPU
		{4958AFC4-8081-418F-A304-ADC12970AEBF}.Release|x86.ActiveCfg = Release|Any CPU
		{4958AFC4-8081-418F-A304-ADC12970AEBF}.Release|x86.Build.0 = Release|Any CPU
		{84314688-EF75-4B0A-9B35-CEB01BF686F9}.Debug|Any CPU.ActiveCfg = Debug|Any CPU
		{84314688-EF75-4B0A-9B35-CEB01BF686F9}.Debug|Any CPU.Build.0 = Debug|Any CPU
		{84314688-EF75-4B0A-9B35-CEB01BF686F9}.Debug|x64.ActiveCfg = Debug|Any CPU
		{84314688-EF75-4B0A-9B35-CEB01BF686F9}.Debug|x64.Build.0 = Debug|Any CPU
		{84314688-EF75-4B0A-9B35-CEB01BF686F9}.Debug|x86.ActiveCfg = Debug|Any CPU
		{84314688-EF75-4B0A-9B35-CEB01BF686F9}.Debug|x86.Build.0 = Debug|Any CPU
		{84314688-EF75-4B0A-9B35-CEB01BF686F9}.Release|Any CPU.ActiveCfg = Release|Any CPU
		{84314688-EF75-4B0A-9B35-CEB01BF686F9}.Release|Any CPU.Build.0 = Release|Any CPU
		{84314688-EF75-4B0A-9B35-CEB01BF686F9}.Release|x64.ActiveCfg = Release|Any CPU
		{84314688-EF75-4B0A-9B35-CEB01BF686F9}.Release|x64.Build.0 = Release|Any CPU
		{84314688-EF75-4B0A-9B35-CEB01BF686F9}.Release|x86.ActiveCfg = Release|Any CPU
		{84314688-EF75-4B0A-9B35-CEB01BF686F9}.Release|x86.Build.0 = Release|Any CPU
		{32E95430-A2C5-4B01-9627-46D5FE1336A3}.Debug|Any CPU.ActiveCfg = Debug|Any CPU
		{32E95430-A2C5-4B01-9627-46D5FE1336A3}.Debug|Any CPU.Build.0 = Debug|Any CPU
		{32E95430-A2C5-4B01-9627-46D5FE1336A3}.Debug|x64.ActiveCfg = Debug|Any CPU
		{32E95430-A2C5-4B01-9627-46D5FE1336A3}.Debug|x64.Build.0 = Debug|Any CPU
		{32E95430-A2C5-4B01-9627-46D5FE1336A3}.Debug|x86.ActiveCfg = Debug|Any CPU
		{32E95430-A2C5-4B01-9627-46D5FE1336A3}.Debug|x86.Build.0 = Debug|Any CPU
		{32E95430-A2C5-4B01-9627-46D5FE1336A3}.Release|Any CPU.ActiveCfg = Release|Any CPU
		{32E95430-A2C5-4B01-9627-46D5FE1336A3}.Release|Any CPU.Build.0 = Release|Any CPU
		{32E95430-A2C5-4B01-9627-46D5FE1336A3}.Release|x64.ActiveCfg = Release|Any CPU
		{32E95430-A2C5-4B01-9627-46D5FE1336A3}.Release|x64.Build.0 = Release|Any CPU
		{32E95430-A2C5-4B01-9627-46D5FE1336A3}.Release|x86.ActiveCfg = Release|Any CPU
		{32E95430-A2C5-4B01-9627-46D5FE1336A3}.Release|x86.Build.0 = Release|Any CPU
	EndGlobalSection
EndGlobal
